
Microsoft Visual Studio Solution File, Format Version 11.00
# Visual Studio 2010
Project("{888888A0-9F3D-457C-B088-3A5042F75D52}") = "Python文件处理之表示文件的状态和属性", "Python文件处理之表示文件的状态和属性\Python文件处理之表示文件的状态和属性.pyproj", "{5E67419B-55E6-4B67-9B96-A141257DA0D4}"
EndProject
Global
	GlobalSection(SolutionConfigurationPlatforms) = preSolution
		Debug|Any CPU = Debug|Any CPU
		Release|Any CPU = Release|Any CPU
	EndGlobalSection
	GlobalSection(ProjectConfigurationPlatforms) = postSolution
		{5E67419B-55E6-4B67-9B96-A141257DA0D4}.Debug|Any CPU.ActiveCfg = Debug|Any CPU
		{5E67419B-55E6-4B67-9B96-A141257DA0D4}.Release|Any CPU.ActiveCfg = Release|Any CPU
	EndGlobalSection
	GlobalSection(SolutionProperties) = preSolution
		HideSolutionNode = FALSE
	EndGlobalSection
EndGlobal
