
Microsoft Visual Studio Solution File, Format Version 11.00
# Visual Studio 2010
Project("{888888A0-9F3D-457C-B088-3A5042F75D52}") = "Python之寻找中值问题", "Python之寻找中值问题\Python之寻找中值问题.pyproj", "{EA2F224C-11F4-491C-A637-7F026CAC595C}"
EndProject
Global
	GlobalSection(SolutionConfigurationPlatforms) = preSolution
		Debug|Any CPU = Debug|Any CPU
		Release|Any CPU = Release|Any CPU
	EndGlobalSection
	GlobalSection(ProjectConfigurationPlatforms) = postSolution
		{EA2F224C-11F4-491C-A637-7F026CAC595C}.Debug|Any CPU.ActiveCfg = Debug|Any CPU
		{EA2F224C-11F4-491C-A637-7F026CAC595C}.Release|Any CPU.ActiveCfg = Release|Any CPU
	EndGlobalSection
	GlobalSection(SolutionProperties) = preSolution
		HideSolutionNode = FALSE
	EndGlobalSection
EndGlobal
