
Microsoft Visual Studio Solution File, Format Version 11.00
# Visual Studio 2010
Project("{888888A0-9F3D-457C-B088-3A5042F75D52}") = "Python之约瑟夫斯问题", "Python之约瑟夫斯问题\Python之约瑟夫斯问题.pyproj", "{B1DD3DE0-B8A1-46CE-AAD7-14FBD01379B8}"
EndProject
Global
	GlobalSection(SolutionConfigurationPlatforms) = preSolution
		Debug|Any CPU = Debug|Any CPU
		Release|Any CPU = Release|Any CPU
	EndGlobalSection
	GlobalSection(ProjectConfigurationPlatforms) = postSolution
		{B1DD3DE0-B8A1-46CE-AAD7-14FBD01379B8}.Debug|Any CPU.ActiveCfg = Debug|Any CPU
		{B1DD3DE0-B8A1-46CE-AAD7-14FBD01379B8}.Release|Any CPU.ActiveCfg = Release|Any CPU
	EndGlobalSection
	GlobalSection(SolutionProperties) = preSolution
		HideSolutionNode = FALSE
	EndGlobalSection
EndGlobal
