
Microsoft Visual Studio Solution File, Format Version 11.00
# Visual Studio 2010
Project("{888888A0-9F3D-457C-B088-3A5042F75D52}") = "Python之各种求一元函数极小值的方法", "Python之各种求一元函数极小值的方法\Python之各种求一元函数极小值的方法.pyproj", "{42A9647B-9B93-4E94-89E5-8BE19F789FAD}"
EndProject
Global
	GlobalSection(SolutionConfigurationPlatforms) = preSolution
		Debug|Any CPU = Debug|Any CPU
		Release|Any CPU = Release|Any CPU
	EndGlobalSection
	GlobalSection(ProjectConfigurationPlatforms) = postSolution
		{42A9647B-9B93-4E94-89E5-8BE19F789FAD}.Debug|Any CPU.ActiveCfg = Debug|Any CPU
		{42A9647B-9B93-4E94-89E5-8BE19F789FAD}.Release|Any CPU.ActiveCfg = Release|Any CPU
	EndGlobalSection
	GlobalSection(SolutionProperties) = preSolution
		HideSolutionNode = FALSE
	EndGlobalSection
EndGlobal
