
Microsoft Visual Studio Solution File, Format Version 11.00
# Visual Studio 2010
Project("{888888A0-9F3D-457C-B088-3A5042F75D52}") = "Python之高斯消去法", "Python之高斯消去法\Python之高斯消去法.pyproj", "{3BA6E47E-7E0F-4347-81DF-BFDB5A2AECBB}"
EndProject
Global
	GlobalSection(SolutionConfigurationPlatforms) = preSolution
		Debug|Any CPU = Debug|Any CPU
		Release|Any CPU = Release|Any CPU
	EndGlobalSection
	GlobalSection(ProjectConfigurationPlatforms) = postSolution
		{3BA6E47E-7E0F-4347-81DF-BFDB5A2AECBB}.Debug|Any CPU.ActiveCfg = Debug|Any CPU
		{3BA6E47E-7E0F-4347-81DF-BFDB5A2AECBB}.Release|Any CPU.ActiveCfg = Release|Any CPU
	EndGlobalSection
	GlobalSection(SolutionProperties) = preSolution
		HideSolutionNode = FALSE
	EndGlobalSection
EndGlobal
