
Microsoft Visual Studio Solution File, Format Version 11.00
# Visual Studio 2010
Project("{888888A0-9F3D-457C-B088-3A5042F75D52}") = "Python的文件处理", "Python的文件处理\Python的文件处理.pyproj", "{A6E1165C-9C9D-4587-BAF6-C334BFBEF56C}"
EndProject
Global
	GlobalSection(SolutionConfigurationPlatforms) = preSolution
		Debug|Any CPU = Debug|Any CPU
		Release|Any CPU = Release|Any CPU
	EndGlobalSection
	GlobalSection(ProjectConfigurationPlatforms) = postSolution
		{A6E1165C-9C9D-4587-BAF6-C334BFBEF56C}.Debug|Any CPU.ActiveCfg = Debug|Any CPU
		{A6E1165C-9C9D-4587-BAF6-C334BFBEF56C}.Release|Any CPU.ActiveCfg = Release|Any CPU
	EndGlobalSection
	GlobalSection(SolutionProperties) = preSolution
		HideSolutionNode = FALSE
	EndGlobalSection
EndGlobal
